
Microsoft Visual Studio Solution File, Format Version 12.00
# Visual Studio Version 16
VisualStudioVersion = 16.0.32630.194
MinimumVisualStudioVersion = 10.0.40219.1
Project("{9A19103F-16F7-4668-BE54-9A1E7A4F7556}") = "ContractApi", "ContractApi\ContractApi.csproj", "{031C77F1-5F4D-40F9-B7EA-79A97CEDEA13}"
EndProject
Project("{2150E333-8FDC-42A3-9474-1A3956D46DE8}") = "Src", "Src", "{CA42451A-3396-4D9A-8A19-03380D8F8C3D}"
EndProject
Project("{9A19103F-16F7-4668-BE54-9A1E7A4F7556}") = "ReportApi", "ReportApi\ReportApi.csproj", "{9942EB65-05C1-4CB6-AE16-EF85DE8EB142}"
EndProject
Project("{9A19103F-16F7-4668-BE54-9A1E7A4F7556}") = "MessageBroker", "MessageBroker\MessageBroker.csproj", "{6D319C84-5F39-4C3D-8018-4B2D8C47CA0B}"
EndProject
Project("{FAE04EC0-301F-11D3-BF4B-00C04F79EFBC}") = "UnitTest", "UnitTest\UnitTest.csproj", "{5F8EA856-0DDD-4F6F-820F-D19CE8AED80F}"
EndProject
Global
	GlobalSection(SolutionConfigurationPlatforms) = preSolution
		Debug|Any CPU = Debug|Any CPU
		Release|Any CPU = Release|Any CPU
	EndGlobalSection
	GlobalSection(ProjectConfigurationPlatforms) = postSolution
		{031C77F1-5F4D-40F9-B7EA-79A97CEDEA13}.Debug|Any CPU.ActiveCfg = Debug|Any CPU
		{031C77F1-5F4D-40F9-B7EA-79A97CEDEA13}.Debug|Any CPU.Build.0 = Debug|Any CPU
		{031C77F1-5F4D-40F9-B7EA-79A97CEDEA13}.Release|Any CPU.ActiveCfg = Release|Any CPU
		{031C77F1-5F4D-40F9-B7EA-79A97CEDEA13}.Release|Any CPU.Build.0 = Release|Any CPU
		{9942EB65-05C1-4CB6-AE16-EF85DE8EB142}.Debug|Any CPU.ActiveCfg = Debug|Any CPU
		{9942EB65-05C1-4CB6-AE16-EF85DE8EB142}.Debug|Any CPU.Build.0 = Debug|Any CPU
		{9942EB65-05C1-4CB6-AE16-EF85DE8EB142}.Release|Any CPU.ActiveCfg = Release|Any CPU
		{9942EB65-05C1-4CB6-AE16-EF85DE8EB142}.Release|Any CPU.Build.0 = Release|Any CPU
		{6D319C84-5F39-4C3D-8018-4B2D8C47CA0B}.Debug|Any CPU.ActiveCfg = Debug|Any CPU
		{6D319C84-5F39-4C3D-8018-4B2D8C47CA0B}.Debug|Any CPU.Build.0 = Debug|Any CPU
		{6D319C84-5F39-4C3D-8018-4B2D8C47CA0B}.Release|Any CPU.ActiveCfg = Release|Any CPU
		{6D319C84-5F39-4C3D-8018-4B2D8C47CA0B}.Release|Any CPU.Build.0 = Release|Any CPU
		{5F8EA856-0DDD-4F6F-820F-D19CE8AED80F}.Debug|Any CPU.ActiveCfg = Debug|Any CPU
		{5F8EA856-0DDD-4F6F-820F-D19CE8AED80F}.Debug|Any CPU.Build.0 = Debug|Any CPU
		{5F8EA856-0DDD-4F6F-820F-D19CE8AED80F}.Release|Any CPU.ActiveCfg = Release|Any CPU
		{5F8EA856-0DDD-4F6F-820F-D19CE8AED80F}.Release|Any CPU.Build.0 = Release|Any CPU
	EndGlobalSection
	GlobalSection(SolutionProperties) = preSolution
		HideSolutionNode = FALSE
	EndGlobalSection
	GlobalSection(NestedProjects) = preSolution
		{031C77F1-5F4D-40F9-B7EA-79A97CEDEA13} = {CA42451A-3396-4D9A-8A19-03380D8F8C3D}
		{9942EB65-05C1-4CB6-AE16-EF85DE8EB142} = {CA42451A-3396-4D9A-8A19-03380D8F8C3D}
	EndGlobalSection
	GlobalSection(ExtensibilityGlobals) = postSolution
		SolutionGuid = {493E75F1-66AD-42B2-BBF7-88E17C36F33B}
	EndGlobalSection
EndGlobal
